PODS:
  - Alamofire (4.9.1)
  - Kingfisher (6.2.1)
  - PromiseKit/Alamofire (6.13.1):
    - Alamofire (~> 4.0)
    - PromiseKit/CorePromise
  - PromiseKit/CorePromise (6.13.1)

DEPENDENCIES:
  - Kingfisher
  - PromiseKit/Alamofire

SPEC REPOS:
  trunk:
    - Alamofire
    - Kingfisher
    - PromiseKit

SPEC CHECKSUMS:
  Alamofire: 85e8a02c69d6020a0d734f6054870d7ecb75cf18
  Kingfisher: e71c6fac2aebb1262888cabc2cb13d313362a48f
  PromiseKit: 28fda91c973cc377875d8c0ea4f973013c05b6db

PODFILE CHECKSUM: 83656f144ba971491c4817ce929abd45373af157

COCOAPODS: 1.10.1
